
Microsoft Visual Studio Solution File, Format Version 12.00
# Visual Studio Version 17
VisualStudioVersion = 17.7.34024.191
MinimumVisualStudioVersion = 10.0.40219.1
Project("{FAE04EC0-301F-11D3-BF4B-00C04F79EFBC}") = "CoffeeShopLab", "CoffeeShopLab.csproj", "{A331A300-380D-41E4-AC87-CCCF36C2351A}"
EndProject
Global
	GlobalSection(SolutionConfigurationPlatforms) = preSolution
		Debug|Any CPU = Debug|Any CPU
		Release|Any CPU = Release|Any CPU
	EndGlobalSection
	GlobalSection(ProjectConfigurationPlatforms) = postSolution
		{A331A300-380D-41E4-AC87-CCCF36C2351A}.Debug|Any CPU.ActiveCfg = Debug|Any CPU
		{A331A300-380D-41E4-AC87-CCCF36C2351A}.Debug|Any CPU.Build.0 = Debug|Any CPU
		{A331A300-380D-41E4-AC87-CCCF36C2351A}.Release|Any CPU.ActiveCfg = Release|Any CPU
		{A331A300-380D-41E4-AC87-CCCF36C2351A}.Release|Any CPU.Build.0 = Release|Any CPU
	EndGlobalSection
	GlobalSection(SolutionProperties) = preSolution
		HideSolutionNode = FALSE
	EndGlobalSection
	GlobalSection(ExtensibilityGlobals) = postSolution
		SolutionGuid = {998339E0-E857-4134-AC36-3F19000E9236}
	EndGlobalSection
EndGlobal
